// !$*UTF8*$!
{
	archiveVersion = 1;
	classes = {
	};
	objectVersion = 50;
	objects = {

/* Begin PBXBuildFile section */
		9A8A6B4124564779007D41DE /* AppDelegate.swift in Sources */ = {isa = PBXBuildFile; fileRef = 9A8A6B4024564779007D41DE /* AppDelegate.swift */; };
		9A8A6B4324564779007D41DE /* SceneDelegate.swift in Sources */ = {isa = PBXBuildFile; fileRef = 9A8A6B4224564779007D41DE /* SceneDelegate.swift */; };
		9A8A6B4524564779007D41DE /* ViewController.swift in Sources */ = {isa = PBXBuildFile; fileRef = 9A8A6B4424564779007D41DE /* ViewController.swift */; };
		9A8A6B4824564779007D41DE /* Main.storyboard in Resources */ = {isa = PBXBuildFile; fileRef = 9A8A6B4624564779007D41DE /* Main.storyboard */; };
		9A8A6B4A2456477F007D41DE /* Assets.xcassets in Resources */ = {isa = PBXBuildFile; fileRef = 9A8A6B492456477F007D41DE /* Assets.xcassets */; };
		9A8A6B4D2456477F007D41DE /* LaunchScreen.storyboard in Resources */ = {isa = PBXBuildFile; fileRef = 9A8A6B4B2456477F007D41DE /* LaunchScreen.storyboard */; };
		9A8A6B5824564780007D41DE /* proyecto1Tests.swift in Sources */ = {isa = PBXBuildFile; fileRef = 9A8A6B5724564780007D41DE /* proyecto1Tests.swift */; };
		9A8A6B6324564780007D41DE /* proyecto1UITests.swift in Sources */ = {isa = PBXBuildFile; fileRef = 9A8A6B6224564780007D41DE /* proyecto1UITests.swift */; };
		9AB75B7B245C932500609093 /* ViewControllerWords.swift in Sources */ = {isa = PBXBuildFile; fileRef = 9AB75B7A245C932500609093 /* ViewControllerWords.swift */; };
		9AB75B7D245C93F700609093 /* ViewControllerMessage.swift in Sources */ = {isa = PBXBuildFile; fileRef = 9AB75B7C245C93F700609093 /* ViewControllerMessage.swift */; };
/* End PBXBuildFile section */

/* Begin PBXContainerItemProxy section */
		9A8A6B5424564780007D41DE /* PBXContainerItemProxy */ = {
			isa = PBXContainerItemProxy;
			containerPortal = 9A8A6B3524564778007D41DE /* Project object */;
			proxyType = 1;
			remoteGlobalIDString = 9A8A6B3C24564779007D41DE;
			remoteInfo = proyecto1;
		};
		9A8A6B5F24564780007D41DE /* PBXContainerItemProxy */ = {
			isa = PBXContainerItemProxy;
			containerPortal = 9A8A6B3524564778007D41DE /* Project object */;
			proxyType = 1;
			remoteGlobalIDString = 9A8A6B3C24564779007D41DE;
			remoteInfo = proyecto1;
		};
/* End PBXContainerItemProxy section */

/* Begin PBXFileReference section */
		9A8A6B3D24564779007D41DE /* proyecto1.app */ = {isa = PBXFileReference; explicitFileType = wrapper.application; includeInIndex = 0; path = proyecto1.app; sourceTree = BUILT_PRODUCTS_DIR; };
		9A8A6B4024564779007D41DE /* AppDelegate.swift */ = {isa = PBXFileReference; lastKnownFileType = sourcecode.swift; path = AppDelegate.swift; sourceTree = "<group>"; };
		9A8A6B4224564779007D41DE /* SceneDelegate.swift */ = {isa = PBXFileReference; lastKnownFileType = sourcecode.swift; path = SceneDelegate.swift; sourceTree = "<group>"; };
		9A8A6B4424564779007D41DE /* ViewController.swift */ = {isa = PBXFileReference; lastKnownFileType = sourcecode.swift; path = ViewController.swift; sourceTree = "<group>"; };
		9A8A6B4724564779007D41DE /* Base */ = {isa = PBXFileReference; lastKnownFileType = file.storyboard; name = Base; path = Base.lproj/Main.storyboard; sourceTree = "<group>"; };
		9A8A6B492456477F007D41DE /* Assets.xcassets */ = {isa = PBXFileReference; lastKnownFileType = folder.assetcatalog; path = Assets.xcassets; sourceTree = "<group>"; };
		9A8A6B4C2456477F007D41DE /* Base */ = {isa = PBXFileReference; lastKnownFileType = file.storyboard; name = Base; path = Base.lproj/LaunchScreen.storyboard; sourceTree = "<group>"; };
		9A8A6B4E2456477F007D41DE /* Info.plist */ = {isa = PBXFileReference; lastKnownFileType = text.plist.xml; path = Info.plist; sourceTree = "<group>"; };
		9A8A6B5324564780007D41DE /* proyecto1Tests.xctest */ = {isa = PBXFileReference; explicitFileType = wrapper.cfbundle; includeInIndex = 0; path = proyecto1Tests.xctest; sourceTree = BUILT_PRODUCTS_DIR; };
		9A8A6B5724564780007D41DE /* proyecto1Tests.swift */ = {isa = PBXFileReference; lastKnownFileType = sourcecode.swift; path = proyecto1Tests.swift; sourceTree = "<group>"; };
		9A8A6B5924564780007D41DE /* Info.plist */ = {isa = PBXFileReference; lastKnownFileType = text.plist.xml; path = Info.plist; sourceTree = "<group>"; };
		9A8A6B5E24564780007D41DE /* proyecto1UITests.xctest */ = {isa = PBXFileReference; explicitFileType = wrapper.cfbundle; includeInIndex = 0; path = proyecto1UITests.xctest; sourceTree = BUILT_PRODUCTS_DIR; };
		9A8A6B6224564780007D41DE /* proyecto1UITests.swift */ = {isa = PBXFileReference; lastKnownFileType = sourcecode.swift; path = proyecto1UITests.swift; sourceTree = "<group>"; };
		9A8A6B6424564780007D41DE /* Info.plist */ = {isa = PBXFileReference; lastKnownFileType = text.plist.xml; path = Info.plist; sourceTree = "<group>"; };
		9AB75B7A245C932500609093 /* ViewControllerWords.swift */ = {isa = PBXFileReference; lastKnownFileType = sourcecode.swift; path = ViewControllerWords.swift; sourceTree = "<group>"; };
		9AB75B7C245C93F700609093 /* ViewControllerMessage.swift */ = {isa = PBXFileReference; lastKnownFileType = sourcecode.swift; path = ViewControllerMessage.swift; sourceTree = "<group>"; };
/* End PBXFileReference section */

/* Begin PBXFrameworksBuildPhase section */
		9A8A6B3A24564779007D41DE /* Frameworks */ = {
			isa = PBXFrameworksBuildPhase;
			buildActionMask = 2147483647;
			files = (
			);
			runOnlyForDeploymentPostprocessing = 0;
		};
		9A8A6B5024564780007D41DE /* Frameworks */ = {
			isa = PBXFrameworksBuildPhase;
			buildActionMask = 2147483647;
			files = (
			);
			runOnlyForDeploymentPostprocessing = 0;
		};
		9A8A6B5B24564780007D41DE /* Frameworks */ = {
			isa = PBXFrameworksBuildPhase;
			buildActionMask = 2147483647;
			files = (
			);
			runOnlyForDeploymentPostprocessing = 0;
		};
/* End PBXFrameworksBuildPhase section */

/* Begin PBXGroup section */
		9A8A6B3424564778007D41DE = {
			isa = PBXGroup;
			children = (
				9A8A6B3F24564779007D41DE /* proyecto1 */,
				9A8A6B5624564780007D41DE /* proyecto1Tests */,
				9A8A6B6124564780007D41DE /* proyecto1UITests */,
				9A8A6B3E24564779007D41DE /* Products */,
			);
			sourceTree = "<group>";
		};
		9A8A6B3E24564779007D41DE /* Products */ = {
			isa = PBXGroup;
			children = (
				9A8A6B3D24564779007D41DE /* proyecto1.app */,
				9A8A6B5324564780007D41DE /* proyecto1Tests.xctest */,
				9A8A6B5E24564780007D41DE /* proyecto1UITests.xctest */,
			);
			name = Products;
			sourceTree = "<group>";
		};
		9A8A6B3F24564779007D41DE /* proyecto1 */ = {
			isa = PBXGroup;
			children = (
				9A8A6B4024564779007D41DE /* AppDelegate.swift */,
				9A8A6B4224564779007D41DE /* SceneDelegate.swift */,
				9A8A6B4424564779007D41DE /* ViewController.swift */,
				9AB75B7A245C932500609093 /* ViewControllerWords.swift */,
				9AB75B7C245C93F700609093 /* ViewControllerMessage.swift */,
				9A8A6B4624564779007D41DE /* Main.storyboard */,
				9A8A6B492456477F007D41DE /* Assets.xcassets */,
				9A8A6B4B2456477F007D41DE /* LaunchScreen.storyboard */,
				9A8A6B4E2456477F007D41DE /* Info.plist */,
			);
			path = proyecto1;
			sourceTree = "<group>";
		};
		9A8A6B5624564780007D41DE /* proyecto1Tests */ = {
			isa = PBXGroup;
			children = (
				9A8A6B5724564780007D41DE /* proyecto1Tests.swift */,
				9A8A6B5924564780007D41DE /* Info.plist */,
			);
			path = proyecto1Tests;
			sourceTree = "<group>";
		};
		9A8A6B6124564780007D41DE /* proyecto1UITests */ = {
			isa = PBXGroup;
			children = (
				9A8A6B6224564780007D41DE /* proyecto1UITests.swift */,
				9A8A6B6424564780007D41DE /* Info.plist */,
			);
			path = proyecto1UITests;
			sourceTree = "<group>";
		};
/* End PBXGroup section */

/* Begin PBXNativeTarget section */
		9A8A6B3C24564779007D41DE /* proyecto1 */ = {
			isa = PBXNativeTarget;
			buildConfigurationList = 9A8A6B6724564780007D41DE /* Build configuration list for PBXNativeTarget "proyecto1" */;
			buildPhases = (
				9A8A6B3924564779007D41DE /* Sources */,
				9A8A6B3A24564779007D41DE /* Frameworks */,
				9A8A6B3B24564779007D41DE /* Resources */,
			);
			buildRules = (
			);
			dependencies = (
			);
			name = proyecto1;
			productName = proyecto1;
			productReference = 9A8A6B3D24564779007D41DE /* proyecto1.app */;
			productType = "com.apple.product-type.application";
		};
		9A8A6B5224564780007D41DE /* proyecto1Tests */ = {
			isa = PBXNativeTarget;
			buildConfigurationList = 9A8A6B6A24564780007D41DE /* Build configuration list for PBXNativeTarget "proyecto1Tests" */;
			buildPhases = (
				9A8A6B4F24564780007D41DE /* Sources */,
				9A8A6B5024564780007D41DE /* Frameworks */,
				9A8A6B5124564780007D41DE /* Resources */,
			);
			buildRules = (
			);
			dependencies = (
				9A8A6B5524564780007D41DE /* PBXTargetDependency */,
			);
			name = proyecto1Tests;
			productName = proyecto1Tests;
			productReference = 9A8A6B5324564780007D41DE /* proyecto1Tests.xctest */;
			productType = "com.apple.product-type.bundle.unit-test";
		};
		9A8A6B5D24564780007D41DE /* proyecto1UITests */ = {
			isa = PBXNativeTarget;
			buildConfigurationList = 9A8A6B6D24564780007D41DE /* Build configuration list for PBXNativeTarget "proyecto1UITests" */;
			buildPhases = (
				9A8A6B5A24564780007D41DE /* Sources */,
				9A8A6B5B24564780007D41DE /* Frameworks */,
				9A8A6B5C24564780007D41DE /* Resources */,
			);
			buildRules = (
			);
			dependencies = (
				9A8A6B6024564780007D41DE /* PBXTargetDependency */,
			);
			name = proyecto1UITests;
			productName = proyecto1UITests;
			productReference = 9A8A6B5E24564780007D41DE /* proyecto1UITests.xctest */;
			productType = "com.apple.product-type.bundle.ui-testing";
		};
/* End PBXNativeTarget section */

/* Begin PBXProject section */
		9A8A6B3524564778007D41DE /* Project object */ = {
			isa = PBXProject;
			attributes = {
				LastSwiftUpdateCheck = 1140;
				LastUpgradeCheck = 1140;
				ORGANIZATIONNAME = wedapp;
				TargetAttributes = {
					9A8A6B3C24564779007D41DE = {
						CreatedOnToolsVersion = 11.4.1;
					};
					9A8A6B5224564780007D41DE = {
						CreatedOnToolsVersion = 11.4.1;
						TestTargetID = 9A8A6B3C24564779007D41DE;
					};
					9A8A6B5D24564780007D41DE = {
						CreatedOnToolsVersion = 11.4.1;
						TestTargetID = 9A8A6B3C24564779007D41DE;
					};
				};
			};
			buildConfigurationList = 9A8A6B3824564778007D41DE /* Build configuration list for PBXProject "proyecto1" */;
			compatibilityVersion = "Xcode 9.3";
			developmentRegion = en;
			hasScannedForEncodings = 0;
			knownRegions = (
				en,
				Base,
			);
			mainGroup = 9A8A6B3424564778007D41DE;
			productRefGroup = 9A8A6B3E24564779007D41DE /* Products */;
			projectDirPath = "";
			projectRoot = "";
			targets = (
				9A8A6B3C24564779007D41DE /* proyecto1 */,
				9A8A6B5224564780007D41DE /* proyecto1Tests */,
				9A8A6B5D24564780007D41DE /* proyecto1UITests */,
			);
		};
/* End PBXProject section */

/* Begin PBXResourcesBuildPhase section */
		9A8A6B3B24564779007D41DE /* Resources */ = {
			isa = PBXResourcesBuildPhase;
			buildActionMask = 2147483647;
			files = (
				9A8A6B4D2456477F007D41DE /* LaunchScreen.storyboard in Resources */,
				9A8A6B4A2456477F007D41DE /* Assets.xcassets in Resources */,
				9A8A6B4824564779007D41DE /* Main.storyboard in Resources */,
			);
			runOnlyForDeploymentPostprocessing = 0;
		};
		9A8A6B5124564780007D41DE /* Resources */ = {
			isa = PBXResourcesBuildPhase;
			buildActionMask = 2147483647;
			files = (
			);
			runOnlyForDeploymentPostprocessing = 0;
		};
		9A8A6B5C24564780007D41DE /* Resources */ = {
			isa = PBXResourcesBuildPhase;
			buildActionMask = 2147483647;
			files = (
			);
			runOnlyForDeploymentPostprocessing = 0;
		};
/* End PBXResourcesBuildPhase section */

/* Begin PBXSourcesBuildPhase section */
		9A8A6B3924564779007D41DE /* Sources */ = {
			isa = PBXSourcesBuildPhase;
			buildActionMask = 2147483647;
			files = (
				9A8A6B4524564779007D41DE /* ViewController.swift in Sources */,
				9A8A6B4124564779007D41DE /* AppDelegate.swift in Sources */,
				9A8A6B4324564779007D41DE /* SceneDelegate.swift in Sources */,
				9AB75B7D245C93F700609093 /* ViewControllerMessage.swift in Sources */,
				9AB75B7B245C932500609093 /* ViewControllerWords.swift in Sources */,
			);
			runOnlyForDeploymentPostprocessing = 0;
		};
		9A8A6B4F24564780007D41DE /* Sources */ = {
			isa = PBXSourcesBuildPhase;
			buildActionMask = 2147483647;
			files = (
				9A8A6B5824564780007D41DE /* proyecto1Tests.swift in Sources */,
			);
			runOnlyForDeploymentPostprocessing = 0;
		};
		9A8A6B5A24564780007D41DE /* Sources */ = {
			isa = PBXSourcesBuildPhase;
			buildActionMask = 2147483647;
			files = (
				9A8A6B6324564780007D41DE /* proyecto1UITests.swift in Sources */,
			);
			runOnlyForDeploymentPostprocessing = 0;
		};
/* End PBXSourcesBuildPhase section */

/* Begin PBXTargetDependency section */
		9A8A6B5524564780007D41DE /* PBXTargetDependency */ = {
			isa = PBXTargetDependency;
			target = 9A8A6B3C24564779007D41DE /* proyecto1 */;
			targetProxy = 9A8A6B5424564780007D41DE /* PBXContainerItemProxy */;
		};
		9A8A6B6024564780007D41DE /* PBXTargetDependency */ = {
			isa = PBXTargetDependency;
			target = 9A8A6B3C24564779007D41DE /* proyecto1 */;
			targetProxy = 9A8A6B5F24564780007D41DE /* PBXContainerItemProxy */;
		};
/* End PBXTargetDependency section */

/* Begin PBXVariantGroup section */
		9A8A6B4624564779007D41DE /* Main.storyboard */ = {
			isa = PBXVariantGroup;
			children = (
				9A8A6B4724564779007D41DE /* Base */,
			);
			name = Main.storyboard;
			sourceTree = "<group>";
		};
		9A8A6B4B2456477F007D41DE /* LaunchScreen.storyboard */ = {
			isa = PBXVariantGroup;
			children = (
				9A8A6B4C2456477F007D41DE /* Base */,
			);
			name = LaunchScreen.storyboard;
			sourceTree = "<group>";
		};
/* End PBXVariantGroup section */

/* Begin XCBuildConfiguration section */
		9A8A6B6524564780007D41DE /* Debug */ = {
			isa = XCBuildConfiguration;
			buildSettings = {
				ALWAYS_SEARCH_USER_PATHS = NO;
				CLANG_ANALYZER_NONNULL = YES;
				CLANG_ANALYZER_NUMBER_OBJECT_CONVERSION = YES_AGGRESSIVE;
				CLANG_CXX_LANGUAGE_STANDARD = "gnu++14";
				CLANG_CXX_LIBRARY = "libc++";
				CLANG_ENABLE_MODULES = YES;
				CLANG_ENABLE_OBJC_ARC = YES;
				CLANG_ENABLE_OBJC_WEAK = YES;
				CLANG_WARN_BLOCK_CAPTURE_AUTORELEASING = YES;
				CLANG_WARN_BOOL_CONVERSION = YES;
				CLANG_WARN_COMMA = YES;
				CLANG_WARN_CONSTANT_CONVERSION = YES;
				CLANG_WARN_DEPRECATED_OBJC_IMPLEMENTATIONS = YES;
				CLANG_WARN_DIRECT_OBJC_ISA_USAGE = YES_ERROR;
				CLANG_WARN_DOCUMENTATION_COMMENTS = YES;
				CLANG_WARN_EMPTY_BODY = YES;
				CLANG_WARN_ENUM_CONVERSION = YES;
				CLANG_WARN_INFINITE_RECURSION = YES;
				CLANG_WARN_INT_CONVERSION = YES;
				CLANG_WARN_NON_LITERAL_NULL_CONVERSION = YES;
				CLANG_WARN_OBJC_IMPLICIT_RETAIN_SELF = YES;
				CLANG_WARN_OBJC_LITERAL_CONVERSION = YES;
				CLANG_WARN_OBJC_ROOT_CLASS = YES_ERROR;
				CLANG_WARN_RANGE_LOOP_ANALYSIS = YES;
				CLANG_WARN_STRICT_PROTOTYPES = YES;
				CLANG_WARN_SUSPICIOUS_MOVE = YES;
				CLANG_WARN_UNGUARDED_AVAILABILITY = YES_AGGRESSIVE;
				CLANG_WARN_UNREACHABLE_CODE = YES;
				CLANG_WARN__DUPLICATE_METHOD_MATCH = YES;
				COPY_PHASE_STRIP = NO;
				DEBUG_INFORMATION_FORMAT = dwarf;
				ENABLE_STRICT_OBJC_MSGSEND = YES;
				ENABLE_TESTABILITY = YES;
				GCC_C_LANGUAGE_STANDARD = gnu11;
				GCC_DYNAMIC_NO_PIC = NO;
				GCC_NO_COMMON_BLOCKS = YES;
				GCC_OPTIMIZATION_LEVEL = 0;
				GCC_PREPROCESSOR_DEFINITIONS = (
					"DEBUG=1",
					"$(inherited)",
				);
				GCC_WARN_64_TO_32_BIT_CONVERSION = YES;
				GCC_WARN_ABOUT_RETURN_TYPE = YES_ERROR;
				GCC_WARN_UNDECLARED_SELECTOR = YES;
				GCC_WARN_UNINITIALIZED_AUTOS = YES_AGGRESSIVE;
				GCC_WARN_UNUSED_FUNCTION = YES;
				GCC_WARN_UNUSED_VARIABLE = YES;
				IPHONEOS_DEPLOYMENT_TARGET = 13.4;
				MTL_ENABLE_DEBUG_INFO = INCLUDE_SOURCE;
				MTL_FAST_MATH = YES;
				ONLY_ACTIVE_ARCH = YES;
				SDKROOT = iphoneos;
				SWIFT_ACTIVE_COMPILATION_CONDITIONS = DEBUG;
				SWIFT_OPTIMIZATION_LEVEL = "-Onone";
			};
			name = Debug;
		};
		9A8A6B6624564780007D41DE /* Release */ = {
			isa = XCBuildConfiguration;
			buildSettings = {
				ALWAYS_SEARCH_USER_PATHS = NO;
				CLANG_ANALYZER_NONNULL = YES;
				CLANG_ANALYZER_NUMBER_OBJECT_CONVERSION = YES_AGGRESSIVE;
				CLANG_CXX_LANGUAGE_STANDARD = "gnu++14";
				CLANG_CXX_LIBRARY = "libc++";
				CLANG_ENABLE_MODULES = YES;
				CLANG_ENABLE_OBJC_ARC = YES;
				CLANG_ENABLE_OBJC_WEAK = YES;
				CLANG_WARN_BLOCK_CAPTURE_AUTORELEASING = YES;
				CLANG_WARN_BOOL_CONVERSION = YES;
				CLANG_WARN_COMMA = YES;
				CLANG_WARN_CONSTANT_CONVERSION = YES;
				CLANG_WARN_DEPRECATED_OBJC_IMPLEMENTATIONS = YES;
				CLANG_WARN_DIRECT_OBJC_ISA_USAGE = YES_ERROR;
				CLANG_WARN_DOCUMENTATION_COMMENTS = YES;
				CLANG_WARN_EMPTY_BODY = YES;
				CLANG_WARN_ENUM_CONVERSION = YES;
				CLANG_WARN_INFINITE_RECURSION = YES;
				CLANG_WARN_INT_CONVERSION = YES;
				CLANG_WARN_NON_LITERAL_NULL_CONVERSION = YES;
				CLANG_WARN_OBJC_IMPLICIT_RETAIN_SELF = YES;
				CLANG_WARN_OBJC_LITERAL_CONVERSION = YES;
				CLANG_WARN_OBJC_ROOT_CLASS = YES_ERROR;
				CLANG_WARN_RANGE_LOOP_ANALYSIS = YES;
				CLANG_WARN_STRICT_PROTOTYPES = YES;
				CLANG_WARN_SUSPICIOUS_MOVE = YES;
				CLANG_WARN_UNGUARDED_AVAILABILITY = YES_AGGRESSIVE;
				CLANG_WARN_UNREACHABLE_CODE = YES;
				CLANG_WARN__DUPLICATE_METHOD_MATCH = YES;
				COPY_PHASE_STRIP = NO;
				DEBUG_INFORMATION_FORMAT = "dwarf-with-dsym";
				ENABLE_NS_ASSERTIONS = NO;
				ENABLE_STRICT_OBJC_MSGSEND = YES;
				GCC_C_LANGUAGE_STANDARD = gnu11;
				GCC_NO_COMMON_BLOCKS = YES;
				GCC_WARN_64_TO_32_BIT_CONVERSION = YES;
				GCC_WARN_ABOUT_RETURN_TYPE = YES_ERROR;
				GCC_WARN_UNDECLARED_SELECTOR = YES;
				GCC_WARN_UNINITIALIZED_AUTOS = YES_AGGRESSIVE;
				GCC_WARN_UNUSED_FUNCTION = YES;
				GCC_WARN_UNUSED_VARIABLE = YES;
				IPHONEOS_DEPLOYMENT_TARGET = 13.4;
				MTL_ENABLE_DEBUG_INFO = NO;
				MTL_FAST_MATH = YES;
				SDKROOT = iphoneos;
				SWIFT_COMPILATION_MODE = wholemodule;
				SWIFT_OPTIMIZATION_LEVEL = "-O";
				VALIDATE_PRODUCT = YES;
			};
			name = Release;
		};
		9A8A6B6824564780007D41DE /* Debug */ = {
			isa = XCBuildConfiguration;
			buildSettings = {
				ASSETCATALOG_COMPILER_APPICON_NAME = AppIcon;
				CODE_SIGN_STYLE = Automatic;
				DEVELOPMENT_TEAM = TFDV697YR3;
				INFOPLIST_FILE = proyecto1/Info.plist;
				LD_RUNPATH_SEARCH_PATHS = (
					"$(inherited)",
					"@executable_path/Frameworks",
				);
				PRODUCT_BUNDLE_IDENTIFIER = io.wedapp.proyecto1;
				PRODUCT_NAME = "$(TARGET_NAME)";
				SWIFT_VERSION = 5.0;
				TARGETED_DEVICE_FAMILY = 1;
			};
			name = Debug;
		};
		9A8A6B6924564780007D41DE /* Release */ = {
			isa = XCBuildConfiguration;
			buildSettings = {
				ASSETCATALOG_COMPILER_APPICON_NAME = AppIcon;
				CODE_SIGN_STYLE = Automatic;
				DEVELOPMENT_TEAM = TFDV697YR3;
				INFOPLIST_FILE = proyecto1/Info.plist;
				LD_RUNPATH_SEARCH_PATHS = (
					"$(inherited)",
					"@executable_path/Frameworks",
				);
				PRODUCT_BUNDLE_IDENTIFIER = io.wedapp.proyecto1;
				PRODUCT_NAME = "$(TARGET_NAME)";
				SWIFT_VERSION = 5.0;
				TARGETED_DEVICE_FAMILY = 1;
			};
			name = Release;
		};
		9A8A6B6B24564780007D41DE /* Debug */ = {
			isa = XCBuildConfiguration;
			buildSettings = {
				ALWAYS_EMBED_SWIFT_STANDARD_LIBRARIES = YES;
				BUNDLE_LOADER = "$(TEST_HOST)";
				CODE_SIGN_STYLE = Automatic;
				DEVELOPMENT_TEAM = TFDV697YR3;
				INFOPLIST_FILE = proyecto1Tests/Info.plist;
				IPHONEOS_DEPLOYMENT_TARGET = 13.4;
				LD_RUNPATH_SEARCH_PATHS = (
					"$(inherited)",
					"@executable_path/Frameworks",
					"@loader_path/Frameworks",
				);
				PRODUCT_BUNDLE_IDENTIFIER = io.wedapp.proyecto1Tests;
				PRODUCT_NAME = "$(TARGET_NAME)";
				SWIFT_VERSION = 5.0;
				TARGETED_DEVICE_FAMILY = "1,2";
				TEST_HOST = "$(BUILT_PRODUCTS_DIR)/proyecto1.app/proyecto1";
			};
			name = Debug;
		};
		9A8A6B6C24564780007D41DE /* Release */ = {
			isa = XCBuildConfiguration;
			buildSettings = {
				ALWAYS_EMBED_SWIFT_STANDARD_LIBRARIES = YES;
				BUNDLE_LOADER = "$(TEST_HOST)";
				CODE_SIGN_STYLE = Automatic;
				DEVELOPMENT_TEAM = TFDV697YR3;
				INFOPLIST_FILE = proyecto1Tests/Info.plist;
				IPHONEOS_DEPLOYMENT_TARGET = 13.4;
				LD_RUNPATH_SEARCH_PATHS = (
					"$(inherited)",
					"@executable_path/Frameworks",
					"@loader_path/Frameworks",
				);
				PRODUCT_BUNDLE_IDENTIFIER = io.wedapp.proyecto1Tests;
				PRODUCT_NAME = "$(TARGET_NAME)";
				SWIFT_VERSION = 5.0;
				TARGETED_DEVICE_FAMILY = "1,2";
				TEST_HOST = "$(BUILT_PRODUCTS_DIR)/proyecto1.app/proyecto1";
			};
			name = Release;
		};
		9A8A6B6E24564780007D41DE /* Debug */ = {
			isa = XCBuildConfiguration;
			buildSettings = {
				ALWAYS_EMBED_SWIFT_STANDARD_LIBRARIES = YES;
				CODE_SIGN_STYLE = Automatic;
				DEVELOPMENT_TEAM = TFDV697YR3;
				INFOPLIST_FILE = proyecto1UITests/Info.plist;
				LD_RUNPATH_SEARCH_PATHS = (
					"$(inherited)",
					"@executable_path/Frameworks",
					"@loader_path/Frameworks",
				);
				PRODUCT_BUNDLE_IDENTIFIER = io.wedapp.proyecto1UITests;
				PRODUCT_NAME = "$(TARGET_NAME)";
				SWIFT_VERSION = 5.0;
				TARGETED_DEVICE_FAMILY = "1,2";
				TEST_TARGET_NAME = proyecto1;
			};
			name = Debug;
		};
		9A8A6B6F24564780007D41DE /* Release */ = {
			isa = XCBuildConfiguration;
			buildSettings = {
				ALWAYS_EMBED_SWIFT_STANDARD_LIBRARIES = YES;
				CODE_SIGN_STYLE = Automatic;
				DEVELOPMENT_TEAM = TFDV697YR3;
				INFOPLIST_FILE = proyecto1UITests/Info.plist;
				LD_RUNPATH_SEARCH_PATHS = (
					"$(inherited)",
					"@executable_path/Frameworks",
					"@loader_path/Frameworks",
				);
				PRODUCT_BUNDLE_IDENTIFIER = io.wedapp.proyecto1UITests;
				PRODUCT_NAME = "$(TARGET_NAME)";
				SWIFT_VERSION = 5.0;
				TARGETED_DEVICE_FAMILY = "1,2";
				TEST_TARGET_NAME = proyecto1;
			};
			name = Release;
		};
/* End XCBuildConfiguration section */

/* Begin XCConfigurationList section */
		9A8A6B3824564778007D41DE /* Build configuration list for PBXProject "proyecto1" */ = {
			isa = XCConfigurationList;
			buildConfigurations = (
				9A8A6B6524564780007D41DE /* Debug */,
				9A8A6B6624564780007D41DE /* Release */,
			);
			defaultConfigurationIsVisible = 0;
			defaultConfigurationName = Release;
		};
		9A8A6B6724564780007D41DE /* Build configuration list for PBXNativeTarget "proyecto1" */ = {
			isa = XCConfigurationList;
			buildConfigurations = (
				9A8A6B6824564780007D41DE /* Debug */,
				9A8A6B6924564780007D41DE /* Release */,
			);
			defaultConfigurationIsVisible = 0;
			defaultConfigurationName = Release;
		};
		9A8A6B6A24564780007D41DE /* Build configuration list for PBXNativeTarget "proyecto1Tests" */ = {
			isa = XCConfigurationList;
			buildConfigurations = (
				9A8A6B6B24564780007D41DE /* Debug */,
				9A8A6B6C24564780007D41DE /* Release */,
			);
			defaultConfigurationIsVisible = 0;
			defaultConfigurationName = Release;
		};
		9A8A6B6D24564780007D41DE /* Build configuration list for PBXNativeTarget "proyecto1UITests" */ = {
			isa = XCConfigurationList;
			buildConfigurations = (
				9A8A6B6E24564780007D41DE /* Debug */,
				9A8A6B6F24564780007D41DE /* Release */,
			);
			defaultConfigurationIsVisible = 0;
			defaultConfigurationName = Release;
		};
/* End XCConfigurationList section */
	};
	rootObject = 9A8A6B3524564778007D41DE /* Project object */;
}
